
Microsoft Visual Studio Solution File, Format Version 12.00
# Visual Studio Version 17
VisualStudioVersion = 17.10.34928.147
MinimumVisualStudioVersion = 10.0.40219.1
Project("{FAE04EC0-301F-11D3-BF4B-00C04F79EFBC}") = "Protocol.Messaging", "Protocol.Messaging\Protocol.Messaging.csproj", "{B8726797-8DC1-457B-8012-74C937564E50}"
EndProject
Global
	GlobalSection(SolutionConfigurationPlatforms) = preSolution
		Debug|Any CPU = Debug|Any CPU
		Release|Any CPU = Release|Any CPU
	EndGlobalSection
	GlobalSection(ProjectConfigurationPlatforms) = postSolution
		{B8726797-8DC1-457B-8012-74C937564E50}.Debug|Any CPU.ActiveCfg = Debug|Any CPU
		{B8726797-8DC1-457B-8012-74C937564E50}.Debug|Any CPU.Build.0 = Debug|Any CPU
		{B8726797-8DC1-457B-8012-74C937564E50}.Release|Any CPU.ActiveCfg = Release|Any CPU
		{B8726797-8DC1-457B-8012-74C937564E50}.Release|Any CPU.Build.0 = Release|Any CPU
	EndGlobalSection
	GlobalSection(SolutionProperties) = preSolution
		HideSolutionNode = FALSE
	EndGlobalSection
	GlobalSection(ExtensibilityGlobals) = postSolution
		SolutionGuid = {F0215B7D-138E-4542-A7A2-8445D57A5E24}
	EndGlobalSection
EndGlobal
